// !$*UTF8*$!
{
	archiveVersion = 1;
	classes = {
	};
	objectVersion = 50;
	objects = {

/* Begin PBXBuildFile section */
		74484BE12263F7B300D57419 /* piece.cpp in Sources */ = {isa = PBXBuildFile; fileRef = 74484BDF2263F7B300D57419 /* piece.cpp */; };
		74484BE42263F97700D57419 /* cell.cpp in Sources */ = {isa = PBXBuildFile; fileRef = 74484BE22263F97700D57419 /* cell.cpp */; };
		74484BE72263FDD100D57419 /* player.cpp in Sources */ = {isa = PBXBuildFile; fileRef = 74484BE52263FDD100D57419 /* player.cpp */; };
		74484BEA22694DF000D57419 /* board.cpp in Sources */ = {isa = PBXBuildFile; fileRef = 74484BE822694DF000D57419 /* board.cpp */; };
		74484BF3226A457600D57419 /* subject.cpp in Sources */ = {isa = PBXBuildFile; fileRef = 74484BF2226A457600D57419 /* subject.cpp */; };
		74933D852219DBE900561E03 /* main.cpp in Sources */ = {isa = PBXBuildFile; fileRef = 74933D842219DBE900561E03 /* main.cpp */; };
/* End PBXBuildFile section */

/* Begin PBXCopyFilesBuildPhase section */
		74933D7F2219DBE900561E03 /* CopyFiles */ = {
			isa = PBXCopyFilesBuildPhase;
			buildActionMask = 2147483647;
			dstPath = /usr/share/man/man1/;
			dstSubfolderSpec = 0;
			files = (
			);
			runOnlyForDeploymentPostprocessing = 1;
		};
/* End PBXCopyFilesBuildPhase section */

/* Begin PBXFileReference section */
		74484BDF2263F7B300D57419 /* piece.cpp */ = {isa = PBXFileReference; lastKnownFileType = sourcecode.cpp.cpp; path = piece.cpp; sourceTree = "<group>"; };
		74484BE02263F7B300D57419 /* piece.hpp */ = {isa = PBXFileReference; lastKnownFileType = sourcecode.cpp.h; path = piece.hpp; sourceTree = "<group>"; };
		74484BE22263F97700D57419 /* cell.cpp */ = {isa = PBXFileReference; lastKnownFileType = sourcecode.cpp.cpp; path = cell.cpp; sourceTree = "<group>"; };
		74484BE32263F97700D57419 /* cell.hpp */ = {isa = PBXFileReference; lastKnownFileType = sourcecode.cpp.h; path = cell.hpp; sourceTree = "<group>"; };
		74484BE52263FDD100D57419 /* player.cpp */ = {isa = PBXFileReference; lastKnownFileType = sourcecode.cpp.cpp; path = player.cpp; sourceTree = "<group>"; };
		74484BE62263FDD100D57419 /* player.hpp */ = {isa = PBXFileReference; lastKnownFileType = sourcecode.cpp.h; path = player.hpp; sourceTree = "<group>"; };
		74484BE822694DF000D57419 /* board.cpp */ = {isa = PBXFileReference; lastKnownFileType = sourcecode.cpp.cpp; path = board.cpp; sourceTree = "<group>"; };
		74484BE922694DF000D57419 /* board.hpp */ = {isa = PBXFileReference; lastKnownFileType = sourcecode.cpp.h; path = board.hpp; sourceTree = "<group>"; };
		74484BEC2269533B00D57419 /* subject.hpp */ = {isa = PBXFileReference; lastKnownFileType = sourcecode.cpp.h; path = subject.hpp; sourceTree = "<group>"; };
		74484BEF22695A4200D57419 /* event.hpp */ = {isa = PBXFileReference; lastKnownFileType = sourcecode.cpp.h; path = event.hpp; sourceTree = "<group>"; };
		74484BF122695C8500D57419 /* observer.hpp */ = {isa = PBXFileReference; fileEncoding = 4; lastKnownFileType = sourcecode.cpp.h; path = observer.hpp; sourceTree = "<group>"; };
		74484BF2226A457600D57419 /* subject.cpp */ = {isa = PBXFileReference; lastKnownFileType = sourcecode.cpp.cpp; path = subject.cpp; sourceTree = "<group>"; };
		74933D812219DBE900561E03 /* Gobblet Gobblers */ = {isa = PBXFileReference; explicitFileType = "compiled.mach-o.executable"; includeInIndex = 0; path = "Gobblet Gobblers"; sourceTree = BUILT_PRODUCTS_DIR; };
		74933D842219DBE900561E03 /* main.cpp */ = {isa = PBXFileReference; lastKnownFileType = sourcecode.cpp.cpp; path = main.cpp; sourceTree = "<group>"; };
/* End PBXFileReference section */

/* Begin PBXFrameworksBuildPhase section */
		74933D7E2219DBE900561E03 /* Frameworks */ = {
			isa = PBXFrameworksBuildPhase;
			buildActionMask = 2147483647;
			files = (
			);
			runOnlyForDeploymentPostprocessing = 0;
		};
/* End PBXFrameworksBuildPhase section */

/* Begin PBXGroup section */
		74933D782219DBE900561E03 = {
			isa = PBXGroup;
			children = (
				74933D832219DBE900561E03 /* Gobblet Gobblers */,
				74933D822219DBE900561E03 /* Products */,
			);
			sourceTree = "<group>";
		};
		74933D822219DBE900561E03 /* Products */ = {
			isa = PBXGroup;
			children = (
				74933D812219DBE900561E03 /* Gobblet Gobblers */,
			);
			name = Products;
			sourceTree = "<group>";
		};
		74933D832219DBE900561E03 /* Gobblet Gobblers */ = {
			isa = PBXGroup;
			children = (
				74933D842219DBE900561E03 /* main.cpp */,
				74484BDF2263F7B300D57419 /* piece.cpp */,
				74484BE02263F7B300D57419 /* piece.hpp */,
				74484BE22263F97700D57419 /* cell.cpp */,
				74484BE32263F97700D57419 /* cell.hpp */,
				74484BE822694DF000D57419 /* board.cpp */,
				74484BE922694DF000D57419 /* board.hpp */,
				74484BEC2269533B00D57419 /* subject.hpp */,
				74484BF2226A457600D57419 /* subject.cpp */,
				74484BF122695C8500D57419 /* observer.hpp */,
				74484BEF22695A4200D57419 /* event.hpp */,
				74484BE52263FDD100D57419 /* player.cpp */,
				74484BE62263FDD100D57419 /* player.hpp */,
			);
			path = "Gobblet Gobblers";
			sourceTree = "<group>";
		};
/* End PBXGroup section */

/* Begin PBXNativeTarget section */
		74933D802219DBE900561E03 /* Gobblet Gobblers */ = {
			isa = PBXNativeTarget;
			buildConfigurationList = 74933D882219DBE900561E03 /* Build configuration list for PBXNativeTarget "Gobblet Gobblers" */;
			buildPhases = (
				74933D7D2219DBE900561E03 /* Sources */,
				74933D7E2219DBE900561E03 /* Frameworks */,
				74933D7F2219DBE900561E03 /* CopyFiles */,
			);
			buildRules = (
			);
			dependencies = (
			);
			name = "Gobblet Gobblers";
			productName = "Gobblet Gobblers";
			productReference = 74933D812219DBE900561E03 /* Gobblet Gobblers */;
			productType = "com.apple.product-type.tool";
		};
/* End PBXNativeTarget section */

/* Begin PBXProject section */
		74933D792219DBE900561E03 /* Project object */ = {
			isa = PBXProject;
			attributes = {
				LastUpgradeCheck = 1010;
				ORGANIZATIONNAME = "Bani Singh";
				TargetAttributes = {
					74933D802219DBE900561E03 = {
						CreatedOnToolsVersion = 10.1;
					};
				};
			};
			buildConfigurationList = 74933D7C2219DBE900561E03 /* Build configuration list for PBXProject "Gobblet Gobblers" */;
			compatibilityVersion = "Xcode 9.3";
			developmentRegion = en;
			hasScannedForEncodings = 0;
			knownRegions = (
				en,
			);
			mainGroup = 74933D782219DBE900561E03;
			productRefGroup = 74933D822219DBE900561E03 /* Products */;
			projectDirPath = "";
			projectRoot = "";
			targets = (
				74933D802219DBE900561E03 /* Gobblet Gobblers */,
			);
		};
/* End PBXProject section */

/* Begin PBXSourcesBuildPhase section */
		74933D7D2219DBE900561E03 /* Sources */ = {
			isa = PBXSourcesBuildPhase;
			buildActionMask = 2147483647;
			files = (
				74484BF3226A457600D57419 /* subject.cpp in Sources */,
				74484BE72263FDD100D57419 /* player.cpp in Sources */,
				74484BEA22694DF000D57419 /* board.cpp in Sources */,
				74484BE12263F7B300D57419 /* piece.cpp in Sources */,
				74933D852219DBE900561E03 /* main.cpp in Sources */,
				74484BE42263F97700D57419 /* cell.cpp in Sources */,
			);
			runOnlyForDeploymentPostprocessing = 0;
		};
/* End PBXSourcesBuildPhase section */

/* Begin XCBuildConfiguration section */
		74933D862219DBE900561E03 /* Debug */ = {
			isa = XCBuildConfiguration;
			buildSettings = {
				ALWAYS_SEARCH_USER_PATHS = NO;
				CLANG_ANALYZER_NONNULL = YES;
				CLANG_ANALYZER_NUMBER_OBJECT_CONVERSION = YES_AGGRESSIVE;
				CLANG_CXX_LANGUAGE_STANDARD = "gnu++14";
				CLANG_CXX_LIBRARY = "libc++";
				CLANG_ENABLE_MODULES = YES;
				CLANG_ENABLE_OBJC_ARC = YES;
				CLANG_ENABLE_OBJC_WEAK = YES;
				CLANG_WARN_BLOCK_CAPTURE_AUTORELEASING = YES;
				CLANG_WARN_BOOL_CONVERSION = YES;
				CLANG_WARN_COMMA = YES;
				CLANG_WARN_CONSTANT_CONVERSION = YES;
				CLANG_WARN_DEPRECATED_OBJC_IMPLEMENTATIONS = YES;
				CLANG_WARN_DIRECT_OBJC_ISA_USAGE = YES_ERROR;
				CLANG_WARN_DOCUMENTATION_COMMENTS = YES;
				CLANG_WARN_EMPTY_BODY = YES;
				CLANG_WARN_ENUM_CONVERSION = YES;
				CLANG_WARN_INFINITE_RECURSION = YES;
				CLANG_WARN_INT_CONVERSION = YES;
				CLANG_WARN_NON_LITERAL_NULL_CONVERSION = YES;
				CLANG_WARN_OBJC_IMPLICIT_RETAIN_SELF = YES;
				CLANG_WARN_OBJC_LITERAL_CONVERSION = YES;
				CLANG_WARN_OBJC_ROOT_CLASS = YES_ERROR;
				CLANG_WARN_RANGE_LOOP_ANALYSIS = YES;
				CLANG_WARN_STRICT_PROTOTYPES = YES;
				CLANG_WARN_SUSPICIOUS_MOVE = YES;
				CLANG_WARN_UNGUARDED_AVAILABILITY = YES_AGGRESSIVE;
				CLANG_WARN_UNREACHABLE_CODE = YES;
				CLANG_WARN__DUPLICATE_METHOD_MATCH = YES;
				CODE_SIGN_IDENTITY = "-";
				COPY_PHASE_STRIP = NO;
				DEBUG_INFORMATION_FORMAT = dwarf;
				ENABLE_STRICT_OBJC_MSGSEND = YES;
				ENABLE_TESTABILITY = YES;
				GCC_C_LANGUAGE_STANDARD = gnu11;
				GCC_DYNAMIC_NO_PIC = NO;
				GCC_NO_COMMON_BLOCKS = YES;
				GCC_OPTIMIZATION_LEVEL = 0;
				GCC_PREPROCESSOR_DEFINITIONS = (
					"DEBUG=1",
					"$(inherited)",
				);
				GCC_WARN_64_TO_32_BIT_CONVERSION = YES;
				GCC_WARN_ABOUT_RETURN_TYPE = YES_ERROR;
				GCC_WARN_UNDECLARED_SELECTOR = YES;
				GCC_WARN_UNINITIALIZED_AUTOS = YES_AGGRESSIVE;
				GCC_WARN_UNUSED_FUNCTION = YES;
				GCC_WARN_UNUSED_VARIABLE = YES;
				MACOSX_DEPLOYMENT_TARGET = 10.14;
				MTL_ENABLE_DEBUG_INFO = INCLUDE_SOURCE;
				MTL_FAST_MATH = YES;
				ONLY_ACTIVE_ARCH = YES;
				SDKROOT = macosx;
			};
			name = Debug;
		};
		74933D872219DBE900561E03 /* Release */ = {
			isa = XCBuildConfiguration;
			buildSettings = {
				ALWAYS_SEARCH_USER_PATHS = NO;
				CLANG_ANALYZER_NONNULL = YES;
				CLANG_ANALYZER_NUMBER_OBJECT_CONVERSION = YES_AGGRESSIVE;
				CLANG_CXX_LANGUAGE_STANDARD = "gnu++14";
				CLANG_CXX_LIBRARY = "libc++";
				CLANG_ENABLE_MODULES = YES;
				CLANG_ENABLE_OBJC_ARC = YES;
				CLANG_ENABLE_OBJC_WEAK = YES;
				CLANG_WARN_BLOCK_CAPTURE_AUTORELEASING = YES;
				CLANG_WARN_BOOL_CONVERSION = YES;
				CLANG_WARN_COMMA = YES;
				CLANG_WARN_CONSTANT_CONVERSION = YES;
				CLANG_WARN_DEPRECATED_OBJC_IMPLEMENTATIONS = YES;
				CLANG_WARN_DIRECT_OBJC_ISA_USAGE = YES_ERROR;
				CLANG_WARN_DOCUMENTATION_COMMENTS = YES;
				CLANG_WARN_EMPTY_BODY = YES;
				CLANG_WARN_ENUM_CONVERSION = YES;
				CLANG_WARN_INFINITE_RECURSION = YES;
				CLANG_WARN_INT_CONVERSION = YES;
				CLANG_WARN_NON_LITERAL_NULL_CONVERSION = YES;
				CLANG_WARN_OBJC_IMPLICIT_RETAIN_SELF = YES;
				CLANG_WARN_OBJC_LITERAL_CONVERSION = YES;
				CLANG_WARN_OBJC_ROOT_CLASS = YES_ERROR;
				CLANG_WARN_RANGE_LOOP_ANALYSIS = YES;
				CLANG_WARN_STRICT_PROTOTYPES = YES;
				CLANG_WARN_SUSPICIOUS_MOVE = YES;
				CLANG_WARN_UNGUARDED_AVAILABILITY = YES_AGGRESSIVE;
				CLANG_WARN_UNREACHABLE_CODE = YES;
				CLANG_WARN__DUPLICATE_METHOD_MATCH = YES;
				CODE_SIGN_IDENTITY = "-";
				COPY_PHASE_STRIP = NO;
				DEBUG_INFORMATION_FORMAT = "dwarf-with-dsym";
				ENABLE_NS_ASSERTIONS = NO;
				ENABLE_STRICT_OBJC_MSGSEND = YES;
				GCC_C_LANGUAGE_STANDARD = gnu11;
				GCC_NO_COMMON_BLOCKS = YES;
				GCC_WARN_64_TO_32_BIT_CONVERSION = YES;
				GCC_WARN_ABOUT_RETURN_TYPE = YES_ERROR;
				GCC_WARN_UNDECLARED_SELECTOR = YES;
				GCC_WARN_UNINITIALIZED_AUTOS = YES_AGGRESSIVE;
				GCC_WARN_UNUSED_FUNCTION = YES;
				GCC_WARN_UNUSED_VARIABLE = YES;
				MACOSX_DEPLOYMENT_TARGET = 10.14;
				MTL_ENABLE_DEBUG_INFO = NO;
				MTL_FAST_MATH = YES;
				SDKROOT = macosx;
			};
			name = Release;
		};
		74933D892219DBE900561E03 /* Debug */ = {
			isa = XCBuildConfiguration;
			buildSettings = {
				CODE_SIGN_STYLE = Automatic;
				PRODUCT_NAME = "$(TARGET_NAME)";
			};
			name = Debug;
		};
		74933D8A2219DBE900561E03 /* Release */ = {
			isa = XCBuildConfiguration;
			buildSettings = {
				CODE_SIGN_STYLE = Automatic;
				PRODUCT_NAME = "$(TARGET_NAME)";
			};
			name = Release;
		};
/* End XCBuildConfiguration section */

/* Begin XCConfigurationList section */
		74933D7C2219DBE900561E03 /* Build configuration list for PBXProject "Gobblet Gobblers" */ = {
			isa = XCConfigurationList;
			buildConfigurations = (
				74933D862219DBE900561E03 /* Debug */,
				74933D872219DBE900561E03 /* Release */,
			);
			defaultConfigurationIsVisible = 0;
			defaultConfigurationName = Release;
		};
		74933D882219DBE900561E03 /* Build configuration list for PBXNativeTarget "Gobblet Gobblers" */ = {
			isa = XCConfigurationList;
			buildConfigurations = (
				74933D892219DBE900561E03 /* Debug */,
				74933D8A2219DBE900561E03 /* Release */,
			);
			defaultConfigurationIsVisible = 0;
			defaultConfigurationName = Release;
		};
/* End XCConfigurationList section */
	};
	rootObject = 74933D792219DBE900561E03 /* Project object */;
}
